
Microsoft Visual Studio Solution File, Format Version 12.00
# Visual Studio Version 16
VisualStudioVersion = 16.0.29424.173
MinimumVisualStudioVersion = 15.0.26124.0
Project("{9A19103F-16F7-4668-BE54-9A1E7A4F7556}") = "CoreApp.DefensiveCache", "CoreApp.DefensiveCache\CoreApp.DefensiveCache.csproj", "{5E0D8D74-A868-4561-BE45-EE910A028025}"
EndProject
Project("{9A19103F-16F7-4668-BE54-9A1E7A4F7556}") = "CoreApp.DefensiveCache.Benchmark", "CoreApp.DefensiveCache.Benchmark\CoreApp.DefensiveCache.Benchmark.csproj", "{4EBC9F38-FB85-4E92-BC9B-6549ED0B28D4}"
EndProject
Project("{9A19103F-16F7-4668-BE54-9A1E7A4F7556}") = "CoreApp.DefensiveCache.Tests", "CoreApp.DefensiveCache.Tests\CoreApp.DefensiveCache.Tests.csproj", "{537B3407-AD67-43B2-9E45-345B11584596}"
EndProject
Project("{9A19103F-16F7-4668-BE54-9A1E7A4F7556}") = "CoreApp.DefensiveCache.Tests.Contracts", "CoreApp.DefensiveCache.Tests.Contracts\CoreApp.DefensiveCache.Tests.Contracts.csproj", "{1E2670E3-8237-4C6F-8F94-97E35F807D07}"
EndProject
Project("{9A19103F-16F7-4668-BE54-9A1E7A4F7556}") = "CoreApp.DefensiveCache.Tests.Implementations", "CoreApp.DefensiveCache.Tests.Implementations\CoreApp.DefensiveCache.Tests.Implementations.csproj", "{DD5FB1FD-5295-49CA-B912-26263A1ED104}"
EndProject
Global
	GlobalSection(SolutionConfigurationPlatforms) = preSolution
		Debug|Any CPU = Debug|Any CPU
		Release|Any CPU = Release|Any CPU
	EndGlobalSection
	GlobalSection(ProjectConfigurationPlatforms) = postSolution
		{5E0D8D74-A868-4561-BE45-EE910A028025}.Debug|Any CPU.ActiveCfg = Debug|Any CPU
		{5E0D8D74-A868-4561-BE45-EE910A028025}.Debug|Any CPU.Build.0 = Debug|Any CPU
		{5E0D8D74-A868-4561-BE45-EE910A028025}.Release|Any CPU.ActiveCfg = Release|Any CPU
		{5E0D8D74-A868-4561-BE45-EE910A028025}.Release|Any CPU.Build.0 = Release|Any CPU
		{4EBC9F38-FB85-4E92-BC9B-6549ED0B28D4}.Debug|Any CPU.ActiveCfg = Debug|Any CPU
		{4EBC9F38-FB85-4E92-BC9B-6549ED0B28D4}.Debug|Any CPU.Build.0 = Debug|Any CPU
		{4EBC9F38-FB85-4E92-BC9B-6549ED0B28D4}.Release|Any CPU.ActiveCfg = Release|Any CPU
		{4EBC9F38-FB85-4E92-BC9B-6549ED0B28D4}.Release|Any CPU.Build.0 = Release|Any CPU
		{537B3407-AD67-43B2-9E45-345B11584596}.Debug|Any CPU.ActiveCfg = Debug|Any CPU
		{537B3407-AD67-43B2-9E45-345B11584596}.Debug|Any CPU.Build.0 = Debug|Any CPU
		{537B3407-AD67-43B2-9E45-345B11584596}.Release|Any CPU.ActiveCfg = Release|Any CPU
		{537B3407-AD67-43B2-9E45-345B11584596}.Release|Any CPU.Build.0 = Release|Any CPU
		{1E2670E3-8237-4C6F-8F94-97E35F807D07}.Debug|Any CPU.ActiveCfg = Debug|Any CPU
		{1E2670E3-8237-4C6F-8F94-97E35F807D07}.Debug|Any CPU.Build.0 = Debug|Any CPU
		{1E2670E3-8237-4C6F-8F94-97E35F807D07}.Release|Any CPU.ActiveCfg = Release|Any CPU
		{1E2670E3-8237-4C6F-8F94-97E35F807D07}.Release|Any CPU.Build.0 = Release|Any CPU
		{DD5FB1FD-5295-49CA-B912-26263A1ED104}.Debug|Any CPU.ActiveCfg = Debug|Any CPU
		{DD5FB1FD-5295-49CA-B912-26263A1ED104}.Debug|Any CPU.Build.0 = Debug|Any CPU
		{DD5FB1FD-5295-49CA-B912-26263A1ED104}.Release|Any CPU.ActiveCfg = Release|Any CPU
		{DD5FB1FD-5295-49CA-B912-26263A1ED104}.Release|Any CPU.Build.0 = Release|Any CPU
	EndGlobalSection
	GlobalSection(SolutionProperties) = preSolution
		HideSolutionNode = FALSE
	EndGlobalSection
	GlobalSection(ExtensibilityGlobals) = postSolution
		SolutionGuid = {9AE331E5-B82C-4341-B796-F61B7F3EEDD1}
	EndGlobalSection
EndGlobal
